
Microsoft Visual Studio Solution File, Format Version 12.00
# Visual Studio Version 17
VisualStudioVersion = 17.0.32112.339
MinimumVisualStudioVersion = 10.0.40219.1
Project("{FAE04EC0-301F-11D3-BF4B-00C04F79EFBC}") = "FitnOne.BL", "FitnOne.BL\FitnOne.BL.csproj", "{CD0ACD24-64F8-4407-B057-C58C01AAD6EE}"
EndProject
Project("{FAE04EC0-301F-11D3-BF4B-00C04F79EFBC}") = "FitnOne.CMD", "FitnOne.CMD\FitnOne.CMD.csproj", "{B4A6131D-F8AF-46EE-85CC-E93A8DB1E479}"
EndProject
Global
	GlobalSection(SolutionConfigurationPlatforms) = preSolution
		Debug|Any CPU = Debug|Any CPU
		Release|Any CPU = Release|Any CPU
	EndGlobalSection
	GlobalSection(ProjectConfigurationPlatforms) = postSolution
		{CD0ACD24-64F8-4407-B057-C58C01AAD6EE}.Debug|Any CPU.ActiveCfg = Debug|Any CPU
		{CD0ACD24-64F8-4407-B057-C58C01AAD6EE}.Debug|Any CPU.Build.0 = Debug|Any CPU
		{CD0ACD24-64F8-4407-B057-C58C01AAD6EE}.Release|Any CPU.ActiveCfg = Release|Any CPU
		{CD0ACD24-64F8-4407-B057-C58C01AAD6EE}.Release|Any CPU.Build.0 = Release|Any CPU
		{B4A6131D-F8AF-46EE-85CC-E93A8DB1E479}.Debug|Any CPU.ActiveCfg = Debug|Any CPU
		{B4A6131D-F8AF-46EE-85CC-E93A8DB1E479}.Debug|Any CPU.Build.0 = Debug|Any CPU
		{B4A6131D-F8AF-46EE-85CC-E93A8DB1E479}.Release|Any CPU.ActiveCfg = Release|Any CPU
		{B4A6131D-F8AF-46EE-85CC-E93A8DB1E479}.Release|Any CPU.Build.0 = Release|Any CPU
	EndGlobalSection
	GlobalSection(SolutionProperties) = preSolution
		HideSolutionNode = FALSE
	EndGlobalSection
	GlobalSection(ExtensibilityGlobals) = postSolution
		SolutionGuid = {8E5673A5-9226-40AF-9273-959F05C7066A}
	EndGlobalSection
EndGlobal
